// !$*UTF8*$!
{
	archiveVersion = 1;
	classes = {
	};
	objectVersion = 56;
	objects = {

/* Begin PBXBuildFile section */
		B38FCEDC2C19E64B00D6F6D3 /* Shake-ItApp.swift in Sources */ = {isa = PBXBuildFile; fileRef = B38FCEDB2C19E64B00D6F6D3 /* Shake-ItApp.swift */; };
		B38FCEDE2C19E64B00D6F6D3 /* ContentView.swift in Sources */ = {isa = PBXBuildFile; fileRef = B38FCEDD2C19E64B00D6F6D3 /* ContentView.swift */; };
		B38FCEE02C19E64D00D6F6D3 /* Assets.xcassets in Resources */ = {isa = PBXBuildFile; fileRef = B38FCEDF2C19E64D00D6F6D3 /* Assets.xcassets */; };
		B38FCEE32C19E64D00D6F6D3 /* Preview Assets.xcassets in Resources */ = {isa = PBXBuildFile; fileRef = B38FCEE22C19E64D00D6F6D3 /* Preview Assets.xcassets */; };
		B38FCEEA2C19FB5500D6F6D3 /* ColorTheme.swift in Sources */ = {isa = PBXBuildFile; fileRef = B38FCEE92C19FB5500D6F6D3 /* ColorTheme.swift */; };
		B38FCEF02C1ACC8600D6F6D3 /* Mood.swift in Sources */ = {isa = PBXBuildFile; fileRef = B38FCEEF2C1ACC8600D6F6D3 /* Mood.swift */; };
		B38FCEF22C1AD3AB00D6F6D3 /* CustomColor.swift in Sources */ = {isa = PBXBuildFile; fileRef = B38FCEF12C1AD3AB00D6F6D3 /* CustomColor.swift */; };
		B38FCEF42C1AD80C00D6F6D3 /* moodTypes.json in Resources */ = {isa = PBXBuildFile; fileRef = B38FCEF32C1AD80C00D6F6D3 /* moodTypes.json */; };
		B38FCEF82C1AE8D900D6F6D3 /* BundleCodec.swift in Sources */ = {isa = PBXBuildFile; fileRef = B38FCEF72C1AE8D900D6F6D3 /* BundleCodec.swift */; };
		B38FCEFA2C1AED3300D6F6D3 /* moods.json in Resources */ = {isa = PBXBuildFile; fileRef = B38FCEF92C1AED3300D6F6D3 /* moods.json */; };
		B38FCEFF2C1B122600D6F6D3 /* appColors.json in Resources */ = {isa = PBXBuildFile; fileRef = B38FCEFE2C1B122600D6F6D3 /* appColors.json */; };
		B38FCF012C1B15E900D6F6D3 /* MoodButton.swift in Sources */ = {isa = PBXBuildFile; fileRef = B38FCF002C1B15E900D6F6D3 /* MoodButton.swift */; };
		B38FCF032C1B37FD00D6F6D3 /* appInfo.swift in Sources */ = {isa = PBXBuildFile; fileRef = B38FCF022C1B37FD00D6F6D3 /* appInfo.swift */; };
		B38FCF052C1B39A900D6F6D3 /* MakingDrinkView.swift in Sources */ = {isa = PBXBuildFile; fileRef = B38FCF042C1B39A900D6F6D3 /* MakingDrinkView.swift */; };
/* End PBXBuildFile section */

/* Begin PBXFileReference section */
		B38FCED82C19E64B00D6F6D3 /* Shake-It.app */ = {isa = PBXFileReference; explicitFileType = wrapper.application; includeInIndex = 0; path = "Shake-It.app"; sourceTree = BUILT_PRODUCTS_DIR; };
		B38FCEDB2C19E64B00D6F6D3 /* Shake-ItApp.swift */ = {isa = PBXFileReference; lastKnownFileType = sourcecode.swift; path = "Shake-ItApp.swift"; sourceTree = "<group>"; };
		B38FCEDD2C19E64B00D6F6D3 /* ContentView.swift */ = {isa = PBXFileReference; lastKnownFileType = sourcecode.swift; path = ContentView.swift; sourceTree = "<group>"; };
		B38FCEDF2C19E64D00D6F6D3 /* Assets.xcassets */ = {isa = PBXFileReference; lastKnownFileType = folder.assetcatalog; path = Assets.xcassets; sourceTree = "<group>"; };
		B38FCEE22C19E64D00D6F6D3 /* Preview Assets.xcassets */ = {isa = PBXFileReference; lastKnownFileType = folder.assetcatalog; path = "Preview Assets.xcassets"; sourceTree = "<group>"; };
		B38FCEE92C19FB5500D6F6D3 /* ColorTheme.swift */ = {isa = PBXFileReference; lastKnownFileType = sourcecode.swift; path = ColorTheme.swift; sourceTree = "<group>"; };
		B38FCEEF2C1ACC8600D6F6D3 /* Mood.swift */ = {isa = PBXFileReference; lastKnownFileType = sourcecode.swift; path = Mood.swift; sourceTree = "<group>"; };
		B38FCEF12C1AD3AB00D6F6D3 /* CustomColor.swift */ = {isa = PBXFileReference; lastKnownFileType = sourcecode.swift; path = CustomColor.swift; sourceTree = "<group>"; };
		B38FCEF32C1AD80C00D6F6D3 /* moodTypes.json */ = {isa = PBXFileReference; fileEncoding = 4; lastKnownFileType = text.json; name = moodTypes.json; path = "Shake-It/moodTypes.json"; sourceTree = SOURCE_ROOT; };
		B38FCEF72C1AE8D900D6F6D3 /* BundleCodec.swift */ = {isa = PBXFileReference; lastKnownFileType = sourcecode.swift; path = BundleCodec.swift; sourceTree = "<group>"; };
		B38FCEF92C1AED3300D6F6D3 /* moods.json */ = {isa = PBXFileReference; fileEncoding = 4; lastKnownFileType = text.json; name = moods.json; path = "Shake-It/moods.json"; sourceTree = SOURCE_ROOT; };
		B38FCEFE2C1B122600D6F6D3 /* appColors.json */ = {isa = PBXFileReference; fileEncoding = 4; lastKnownFileType = text.json; path = appColors.json; sourceTree = "<group>"; };
		B38FCF002C1B15E900D6F6D3 /* MoodButton.swift */ = {isa = PBXFileReference; lastKnownFileType = sourcecode.swift; path = MoodButton.swift; sourceTree = "<group>"; };
		B38FCF022C1B37FD00D6F6D3 /* appInfo.swift */ = {isa = PBXFileReference; lastKnownFileType = sourcecode.swift; path = appInfo.swift; sourceTree = "<group>"; };
		B38FCF042C1B39A900D6F6D3 /* MakingDrinkView.swift */ = {isa = PBXFileReference; lastKnownFileType = sourcecode.swift; path = MakingDrinkView.swift; sourceTree = "<group>"; };
/* End PBXFileReference section */

/* Begin PBXFrameworksBuildPhase section */
		B38FCED52C19E64B00D6F6D3 /* Frameworks */ = {
			isa = PBXFrameworksBuildPhase;
			buildActionMask = 2147483647;
			files = (
			);
			runOnlyForDeploymentPostprocessing = 0;
		};
/* End PBXFrameworksBuildPhase section */

/* Begin PBXGroup section */
		B38FCECF2C19E64B00D6F6D3 = {
			isa = PBXGroup;
			children = (
				B38FCEDA2C19E64B00D6F6D3 /* Shake-It */,
				B38FCED92C19E64B00D6F6D3 /* Products */,
			);
			sourceTree = "<group>";
		};
		B38FCED92C19E64B00D6F6D3 /* Products */ = {
			isa = PBXGroup;
			children = (
				B38FCED82C19E64B00D6F6D3 /* Shake-It.app */,
			);
			name = Products;
			sourceTree = "<group>";
		};
		B38FCEDA2C19E64B00D6F6D3 /* Shake-It */ = {
			isa = PBXGroup;
			children = (
				B38FCEDB2C19E64B00D6F6D3 /* Shake-ItApp.swift */,
				B38FCEDF2C19E64D00D6F6D3 /* Assets.xcassets */,
				B38FCEEE2C1ACC3300D6F6D3 /* Model */,
				B38FCEED2C1ACC1A00D6F6D3 /* View */,
				B38FCEF62C1AE86C00D6F6D3 /* Controller */,
				B38FCEFB2C1AED4F00D6F6D3 /* Data */,
				B38FCEE12C19E64D00D6F6D3 /* Preview Content */,
			);
			path = "Shake-It";
			sourceTree = "<group>";
		};
		B38FCEE12C19E64D00D6F6D3 /* Preview Content */ = {
			isa = PBXGroup;
			children = (
				B38FCEE22C19E64D00D6F6D3 /* Preview Assets.xcassets */,
			);
			path = "Preview Content";
			sourceTree = "<group>";
		};
		B38FCEED2C1ACC1A00D6F6D3 /* View */ = {
			isa = PBXGroup;
			children = (
				B38FCEDD2C19E64B00D6F6D3 /* ContentView.swift */,
				B38FCF042C1B39A900D6F6D3 /* MakingDrinkView.swift */,
				B38FCF002C1B15E900D6F6D3 /* MoodButton.swift */,
				B38FCEE92C19FB5500D6F6D3 /* ColorTheme.swift */,
			);
			name = View;
			sourceTree = "<group>";
		};
		B38FCEEE2C1ACC3300D6F6D3 /* Model */ = {
			isa = PBXGroup;
			children = (
				B38FCEEF2C1ACC8600D6F6D3 /* Mood.swift */,
				B38FCEF12C1AD3AB00D6F6D3 /* CustomColor.swift */,
			);
			name = Model;
			sourceTree = "<group>";
		};
		B38FCEF62C1AE86C00D6F6D3 /* Controller */ = {
			isa = PBXGroup;
			children = (
				B38FCEF72C1AE8D900D6F6D3 /* BundleCodec.swift */,
			);
			name = Controller;
			sourceTree = "<group>";
		};
		B38FCEFB2C1AED4F00D6F6D3 /* Data */ = {
			isa = PBXGroup;
			children = (
				B38FCF022C1B37FD00D6F6D3 /* appInfo.swift */,
				B38FCEF32C1AD80C00D6F6D3 /* moodTypes.json */,
				B38FCEF92C1AED3300D6F6D3 /* moods.json */,
				B38FCEFE2C1B122600D6F6D3 /* appColors.json */,
			);
			name = Data;
			sourceTree = "<group>";
		};
/* End PBXGroup section */

/* Begin PBXNativeTarget section */
		B38FCED72C19E64B00D6F6D3 /* Shake-It */ = {
			isa = PBXNativeTarget;
			buildConfigurationList = B38FCEE62C19E64D00D6F6D3 /* Build configuration list for PBXNativeTarget "Shake-It" */;
			buildPhases = (
				B38FCED42C19E64B00D6F6D3 /* Sources */,
				B38FCED52C19E64B00D6F6D3 /* Frameworks */,
				B38FCED62C19E64B00D6F6D3 /* Resources */,
			);
			buildRules = (
			);
			dependencies = (
			);
			name = "Shake-It";
			productName = "Shake-It";
			productReference = B38FCED82C19E64B00D6F6D3 /* Shake-It.app */;
			productType = "com.apple.product-type.application";
		};
/* End PBXNativeTarget section */

/* Begin PBXProject section */
		B38FCED02C19E64B00D6F6D3 /* Project object */ = {
			isa = PBXProject;
			attributes = {
				BuildIndependentTargetsInParallel = 1;
				LastSwiftUpdateCheck = 1540;
				LastUpgradeCheck = 1540;
				TargetAttributes = {
					B38FCED72C19E64B00D6F6D3 = {
						CreatedOnToolsVersion = 15.4;
					};
				};
			};
			buildConfigurationList = B38FCED32C19E64B00D6F6D3 /* Build configuration list for PBXProject "Shake-It" */;
			compatibilityVersion = "Xcode 14.0";
			developmentRegion = en;
			hasScannedForEncodings = 0;
			knownRegions = (
				en,
				Base,
			);
			mainGroup = B38FCECF2C19E64B00D6F6D3;
			productRefGroup = B38FCED92C19E64B00D6F6D3 /* Products */;
			projectDirPath = "";
			projectRoot = "";
			targets = (
				B38FCED72C19E64B00D6F6D3 /* Shake-It */,
			);
		};
/* End PBXProject section */

/* Begin PBXResourcesBuildPhase section */
		B38FCED62C19E64B00D6F6D3 /* Resources */ = {
			isa = PBXResourcesBuildPhase;
			buildActionMask = 2147483647;
			files = (
				B38FCEFA2C1AED3300D6F6D3 /* moods.json in Resources */,
				B38FCEFF2C1B122600D6F6D3 /* appColors.json in Resources */,
				B38FCEE32C19E64D00D6F6D3 /* Preview Assets.xcassets in Resources */,
				B38FCEE02C19E64D00D6F6D3 /* Assets.xcassets in Resources */,
				B38FCEF42C1AD80C00D6F6D3 /* moodTypes.json in Resources */,
			);
			runOnlyForDeploymentPostprocessing = 0;
		};
/* End PBXResourcesBuildPhase section */

/* Begin PBXSourcesBuildPhase section */
		B38FCED42C19E64B00D6F6D3 /* Sources */ = {
			isa = PBXSourcesBuildPhase;
			buildActionMask = 2147483647;
			files = (
				B38FCEF82C1AE8D900D6F6D3 /* BundleCodec.swift in Sources */,
				B38FCF012C1B15E900D6F6D3 /* MoodButton.swift in Sources */,
				B38FCEF02C1ACC8600D6F6D3 /* Mood.swift in Sources */,
				B38FCEEA2C19FB5500D6F6D3 /* ColorTheme.swift in Sources */,
				B38FCF052C1B39A900D6F6D3 /* MakingDrinkView.swift in Sources */,
				B38FCEDE2C19E64B00D6F6D3 /* ContentView.swift in Sources */,
				B38FCF032C1B37FD00D6F6D3 /* appInfo.swift in Sources */,
				B38FCEF22C1AD3AB00D6F6D3 /* CustomColor.swift in Sources */,
				B38FCEDC2C19E64B00D6F6D3 /* Shake-ItApp.swift in Sources */,
			);
			runOnlyForDeploymentPostprocessing = 0;
		};
/* End PBXSourcesBuildPhase section */

/* Begin XCBuildConfiguration section */
		B38FCEE42C19E64D00D6F6D3 /* Debug */ = {
			isa = XCBuildConfiguration;
			buildSettings = {
				ALWAYS_SEARCH_USER_PATHS = NO;
				ASSETCATALOG_COMPILER_GENERATE_SWIFT_ASSET_SYMBOL_EXTENSIONS = YES;
				CLANG_ANALYZER_NONNULL = YES;
				CLANG_ANALYZER_NUMBER_OBJECT_CONVERSION = YES_AGGRESSIVE;
				CLANG_CXX_LANGUAGE_STANDARD = "gnu++20";
				CLANG_ENABLE_MODULES = YES;
				CLANG_ENABLE_OBJC_ARC = YES;
				CLANG_ENABLE_OBJC_WEAK = YES;
				CLANG_WARN_BLOCK_CAPTURE_AUTORELEASING = YES;
				CLANG_WARN_BOOL_CONVERSION = YES;
				CLANG_WARN_COMMA = YES;
				CLANG_WARN_CONSTANT_CONVERSION = YES;
				CLANG_WARN_DEPRECATED_OBJC_IMPLEMENTATIONS = YES;
				CLANG_WARN_DIRECT_OBJC_ISA_USAGE = YES_ERROR;
				CLANG_WARN_DOCUMENTATION_COMMENTS = YES;
				CLANG_WARN_EMPTY_BODY = YES;
				CLANG_WARN_ENUM_CONVERSION = YES;
				CLANG_WARN_INFINITE_RECURSION = YES;
				CLANG_WARN_INT_CONVERSION = YES;
				CLANG_WARN_NON_LITERAL_NULL_CONVERSION = YES;
				CLANG_WARN_OBJC_IMPLICIT_RETAIN_SELF = YES;
				CLANG_WARN_OBJC_LITERAL_CONVERSION = YES;
				CLANG_WARN_OBJC_ROOT_CLASS = YES_ERROR;
				CLANG_WARN_QUOTED_INCLUDE_IN_FRAMEWORK_HEADER = YES;
				CLANG_WARN_RANGE_LOOP_ANALYSIS = YES;
				CLANG_WARN_STRICT_PROTOTYPES = YES;
				CLANG_WARN_SUSPICIOUS_MOVE = YES;
				CLANG_WARN_UNGUARDED_AVAILABILITY = YES_AGGRESSIVE;
				CLANG_WARN_UNREACHABLE_CODE = YES;
				CLANG_WARN__DUPLICATE_METHOD_MATCH = YES;
				COPY_PHASE_STRIP = NO;
				DEBUG_INFORMATION_FORMAT = dwarf;
				ENABLE_STRICT_OBJC_MSGSEND = YES;
				ENABLE_TESTABILITY = YES;
				ENABLE_USER_SCRIPT_SANDBOXING = YES;
				GCC_C_LANGUAGE_STANDARD = gnu17;
				GCC_DYNAMIC_NO_PIC = NO;
				GCC_NO_COMMON_BLOCKS = YES;
				GCC_OPTIMIZATION_LEVEL = 0;
				GCC_PREPROCESSOR_DEFINITIONS = (
					"DEBUG=1",
					"$(inherited)",
				);
				GCC_WARN_64_TO_32_BIT_CONVERSION = YES;
				GCC_WARN_ABOUT_RETURN_TYPE = YES_ERROR;
				GCC_WARN_UNDECLARED_SELECTOR = YES;
				GCC_WARN_UNINITIALIZED_AUTOS = YES_AGGRESSIVE;
				GCC_WARN_UNUSED_FUNCTION = YES;
				GCC_WARN_UNUSED_VARIABLE = YES;
				IPHONEOS_DEPLOYMENT_TARGET = 17.5;
				LOCALIZATION_PREFERS_STRING_CATALOGS = YES;
				MTL_ENABLE_DEBUG_INFO = INCLUDE_SOURCE;
				MTL_FAST_MATH = YES;
				ONLY_ACTIVE_ARCH = YES;
				SDKROOT = iphoneos;
				SWIFT_ACTIVE_COMPILATION_CONDITIONS = "DEBUG $(inherited)";
				SWIFT_OPTIMIZATION_LEVEL = "-Onone";
			};
			name = Debug;
		};
		B38FCEE52C19E64D00D6F6D3 /* Release */ = {
			isa = XCBuildConfiguration;
			buildSettings = {
				ALWAYS_SEARCH_USER_PATHS = NO;
				ASSETCATALOG_COMPILER_GENERATE_SWIFT_ASSET_SYMBOL_EXTENSIONS = YES;
				CLANG_ANALYZER_NONNULL = YES;
				CLANG_ANALYZER_NUMBER_OBJECT_CONVERSION = YES_AGGRESSIVE;
				CLANG_CXX_LANGUAGE_STANDARD = "gnu++20";
				CLANG_ENABLE_MODULES = YES;
				CLANG_ENABLE_OBJC_ARC = YES;
				CLANG_ENABLE_OBJC_WEAK = YES;
				CLANG_WARN_BLOCK_CAPTURE_AUTORELEASING = YES;
				CLANG_WARN_BOOL_CONVERSION = YES;
				CLANG_WARN_COMMA = YES;
				CLANG_WARN_CONSTANT_CONVERSION = YES;
				CLANG_WARN_DEPRECATED_OBJC_IMPLEMENTATIONS = YES;
				CLANG_WARN_DIRECT_OBJC_ISA_USAGE = YES_ERROR;
				CLANG_WARN_DOCUMENTATION_COMMENTS = YES;
				CLANG_WARN_EMPTY_BODY = YES;
				CLANG_WARN_ENUM_CONVERSION = YES;
				CLANG_WARN_INFINITE_RECURSION = YES;
				CLANG_WARN_INT_CONVERSION = YES;
				CLANG_WARN_NON_LITERAL_NULL_CONVERSION = YES;
				CLANG_WARN_OBJC_IMPLICIT_RETAIN_SELF = YES;
				CLANG_WARN_OBJC_LITERAL_CONVERSION = YES;
				CLANG_WARN_OBJC_ROOT_CLASS = YES_ERROR;
				CLANG_WARN_QUOTED_INCLUDE_IN_FRAMEWORK_HEADER = YES;
				CLANG_WARN_RANGE_LOOP_ANALYSIS = YES;
				CLANG_WARN_STRICT_PROTOTYPES = YES;
				CLANG_WARN_SUSPICIOUS_MOVE = YES;
				CLANG_WARN_UNGUARDED_AVAILABILITY = YES_AGGRESSIVE;
				CLANG_WARN_UNREACHABLE_CODE = YES;
				CLANG_WARN__DUPLICATE_METHOD_MATCH = YES;
				COPY_PHASE_STRIP = NO;
				DEBUG_INFORMATION_FORMAT = "dwarf-with-dsym";
				ENABLE_NS_ASSERTIONS = NO;
				ENABLE_STRICT_OBJC_MSGSEND = YES;
				ENABLE_USER_SCRIPT_SANDBOXING = YES;
				GCC_C_LANGUAGE_STANDARD = gnu17;
				GCC_NO_COMMON_BLOCKS = YES;
				GCC_WARN_64_TO_32_BIT_CONVERSION = YES;
				GCC_WARN_ABOUT_RETURN_TYPE = YES_ERROR;
				GCC_WARN_UNDECLARED_SELECTOR = YES;
				GCC_WARN_UNINITIALIZED_AUTOS = YES_AGGRESSIVE;
				GCC_WARN_UNUSED_FUNCTION = YES;
				GCC_WARN_UNUSED_VARIABLE = YES;
				IPHONEOS_DEPLOYMENT_TARGET = 17.5;
				LOCALIZATION_PREFERS_STRING_CATALOGS = YES;
				MTL_ENABLE_DEBUG_INFO = NO;
				MTL_FAST_MATH = YES;
				SDKROOT = iphoneos;
				SWIFT_COMPILATION_MODE = wholemodule;
				VALIDATE_PRODUCT = YES;
			};
			name = Release;
		};
		B38FCEE72C19E64D00D6F6D3 /* Debug */ = {
			isa = XCBuildConfiguration;
			buildSettings = {
				ASSETCATALOG_COMPILER_APPICON_NAME = AppIcon;
				ASSETCATALOG_COMPILER_GLOBAL_ACCENT_COLOR_NAME = AccentColor;
				CODE_SIGN_STYLE = Automatic;
				CURRENT_PROJECT_VERSION = 1;
				DEVELOPMENT_ASSET_PATHS = "\"Shake-It/Preview Content\"";
				ENABLE_PREVIEWS = YES;
				GENERATE_INFOPLIST_FILE = YES;
				INFOPLIST_KEY_UIApplicationSceneManifest_Generation = YES;
				INFOPLIST_KEY_UIApplicationSupportsIndirectInputEvents = YES;
				INFOPLIST_KEY_UILaunchScreen_Generation = YES;
				INFOPLIST_KEY_UISupportedInterfaceOrientations_iPad = "UIInterfaceOrientationPortrait UIInterfaceOrientationPortraitUpsideDown UIInterfaceOrientationLandscapeLeft UIInterfaceOrientationLandscapeRight";
				INFOPLIST_KEY_UISupportedInterfaceOrientations_iPhone = "UIInterfaceOrientationPortrait UIInterfaceOrientationLandscapeLeft UIInterfaceOrientationLandscapeRight";
				LD_RUNPATH_SEARCH_PATHS = (
					"$(inherited)",
					"@executable_path/Frameworks",
				);
				MARKETING_VERSION = 1.0;
				PRODUCT_BUNDLE_IDENTIFIER = "com.rui.Shake-It";
				PRODUCT_NAME = "$(TARGET_NAME)";
				SWIFT_EMIT_LOC_STRINGS = YES;
				SWIFT_VERSION = 5.0;
				TARGETED_DEVICE_FAMILY = "1,2";
			};
			name = Debug;
		};
		B38FCEE82C19E64D00D6F6D3 /* Release */ = {
			isa = XCBuildConfiguration;
			buildSettings = {
				ASSETCATALOG_COMPILER_APPICON_NAME = AppIcon;
				ASSETCATALOG_COMPILER_GLOBAL_ACCENT_COLOR_NAME = AccentColor;
				CODE_SIGN_STYLE = Automatic;
				CURRENT_PROJECT_VERSION = 1;
				DEVELOPMENT_ASSET_PATHS = "\"Shake-It/Preview Content\"";
				ENABLE_PREVIEWS = YES;
				GENERATE_INFOPLIST_FILE = YES;
				INFOPLIST_KEY_UIApplicationSceneManifest_Generation = YES;
				INFOPLIST_KEY_UIApplicationSupportsIndirectInputEvents = YES;
				INFOPLIST_KEY_UILaunchScreen_Generation = YES;
				INFOPLIST_KEY_UISupportedInterfaceOrientations_iPad = "UIInterfaceOrientationPortrait UIInterfaceOrientationPortraitUpsideDown UIInterfaceOrientationLandscapeLeft UIInterfaceOrientationLandscapeRight";
				INFOPLIST_KEY_UISupportedInterfaceOrientations_iPhone = "UIInterfaceOrientationPortrait UIInterfaceOrientationLandscapeLeft UIInterfaceOrientationLandscapeRight";
				LD_RUNPATH_SEARCH_PATHS = (
					"$(inherited)",
					"@executable_path/Frameworks",
				);
				MARKETING_VERSION = 1.0;
				PRODUCT_BUNDLE_IDENTIFIER = "com.rui.Shake-It";
				PRODUCT_NAME = "$(TARGET_NAME)";
				SWIFT_EMIT_LOC_STRINGS = YES;
				SWIFT_VERSION = 5.0;
				TARGETED_DEVICE_FAMILY = "1,2";
			};
			name = Release;
		};
/* End XCBuildConfiguration section */

/* Begin XCConfigurationList section */
		B38FCED32C19E64B00D6F6D3 /* Build configuration list for PBXProject "Shake-It" */ = {
			isa = XCConfigurationList;
			buildConfigurations = (
				B38FCEE42C19E64D00D6F6D3 /* Debug */,
				B38FCEE52C19E64D00D6F6D3 /* Release */,
			);
			defaultConfigurationIsVisible = 0;
			defaultConfigurationName = Release;
		};
		B38FCEE62C19E64D00D6F6D3 /* Build configuration list for PBXNativeTarget "Shake-It" */ = {
			isa = XCConfigurationList;
			buildConfigurations = (
				B38FCEE72C19E64D00D6F6D3 /* Debug */,
				B38FCEE82C19E64D00D6F6D3 /* Release */,
			);
			defaultConfigurationIsVisible = 0;
			defaultConfigurationName = Release;
		};
/* End XCConfigurationList section */
	};
	rootObject = B38FCED02C19E64B00D6F6D3 /* Project object */;
}
